
Microsoft Visual Studio Solution File, Format Version 12.00
# Visual Studio Version 18
VisualStudioVersion = 18.1.11312.151 d18.0
MinimumVisualStudioVersion = 10.0.40219.1
Project("{9A19103F-16F7-4668-BE54-9A1E7A4F7556}") = "Abstractions", "Abstractions\Abstractions.csproj", "{0693991D-A726-44AC-87D9-A3277E7116F8}"
EndProject
Project("{9A19103F-16F7-4668-BE54-9A1E7A4F7556}") = "Logic", "Logic\Logic.csproj", "{19DC3CA3-53DE-44C9-A172-47508DE383AD}"
EndProject
Project("{9A19103F-16F7-4668-BE54-9A1E7A4F7556}") = "Models", "Models\Models.csproj", "{0E2610F8-8487-4E77-A268-7A02A8F40F67}"
EndProject
Project("{9A19103F-16F7-4668-BE54-9A1E7A4F7556}") = "Transport", "Transport\Transport.csproj", "{44A4A73A-D4F5-4D4C-932A-D6C8AEB802BF}"
EndProject
Project("{9A19103F-16F7-4668-BE54-9A1E7A4F7556}") = "Transport.Models", "Transport.Models\Transport.Models.csproj", "{F6A8C36C-E318-46C4-8E0C-AD367C962D94}"
EndProject
Project("{9A19103F-16F7-4668-BE54-9A1E7A4F7556}") = "Service", "Service\Service.csproj", "{0CD2CD7C-8D3E-4BED-BB6D-6A02BA296B65}"
EndProject
Project("{9A19103F-16F7-4668-BE54-9A1E7A4F7556}") = "Models.Tests", "Models.Tests\Models.Tests.csproj", "{CCA58C1E-1020-4B83-A370-14D375CC81C0}"
EndProject
Project("{9A19103F-16F7-4668-BE54-9A1E7A4F7556}") = "Transport.Models.Tests", "Transport.Models.Tests\Transport.Models.Tests.csproj", "{DA8A4254-1514-450C-A421-5F011F5F465D}"
EndProject
Project("{FAE04EC0-301F-11D3-BF4B-00C04F79EFBC}") = "Logic.Tests", "Logic.Tests\Logic.Tests.csproj", "{7EB6800F-157A-4C6B-BBC2-616EBCC42665}"
EndProject
Project("{FAE04EC0-301F-11D3-BF4B-00C04F79EFBC}") = "Transport.Tests", "Transport.Tests\Transport.Tests.csproj", "{2636F063-A3B4-45BE-922E-3B0143B9F0F9}"
EndProject
Project("{FAE04EC0-301F-11D3-BF4B-00C04F79EFBC}") = "Service.Tests", "Service.Tests\Service.Tests.csproj", "{05466D9A-CA5C-4F76-A4FF-C046DA687522}"
EndProject
Project("{2150E333-8FDC-42A3-9474-1A3956D46DE8}") = "Solution Items", "Solution Items", "{233CC007-864F-459D-9B8C-D10E8F07EE9E}"
	ProjectSection(SolutionItems) = preProject
		.editorconfig = .editorconfig
	EndProjectSection
EndProject
Global
	GlobalSection(SolutionConfigurationPlatforms) = preSolution
		Debug|Any CPU = Debug|Any CPU
		Release|Any CPU = Release|Any CPU
	EndGlobalSection
	GlobalSection(ProjectConfigurationPlatforms) = postSolution
		{0693991D-A726-44AC-87D9-A3277E7116F8}.Debug|Any CPU.ActiveCfg = Debug|Any CPU
		{0693991D-A726-44AC-87D9-A3277E7116F8}.Debug|Any CPU.Build.0 = Debug|Any CPU
		{0693991D-A726-44AC-87D9-A3277E7116F8}.Release|Any CPU.ActiveCfg = Release|Any CPU
		{0693991D-A726-44AC-87D9-A3277E7116F8}.Release|Any CPU.Build.0 = Release|Any CPU
		{19DC3CA3-53DE-44C9-A172-47508DE383AD}.Debug|Any CPU.ActiveCfg = Debug|Any CPU
		{19DC3CA3-53DE-44C9-A172-47508DE383AD}.Debug|Any CPU.Build.0 = Debug|Any CPU
		{19DC3CA3-53DE-44C9-A172-47508DE383AD}.Release|Any CPU.ActiveCfg = Release|Any CPU
		{19DC3CA3-53DE-44C9-A172-47508DE383AD}.Release|Any CPU.Build.0 = Release|Any CPU
		{0E2610F8-8487-4E77-A268-7A02A8F40F67}.Debug|Any CPU.ActiveCfg = Debug|Any CPU
		{0E2610F8-8487-4E77-A268-7A02A8F40F67}.Debug|Any CPU.Build.0 = Debug|Any CPU
		{0E2610F8-8487-4E77-A268-7A02A8F40F67}.Release|Any CPU.ActiveCfg = Release|Any CPU
		{0E2610F8-8487-4E77-A268-7A02A8F40F67}.Release|Any CPU.Build.0 = Release|Any CPU
		{44A4A73A-D4F5-4D4C-932A-D6C8AEB802BF}.Debug|Any CPU.ActiveCfg = Debug|Any CPU
		{44A4A73A-D4F5-4D4C-932A-D6C8AEB802BF}.Debug|Any CPU.Build.0 = Debug|Any CPU
		{44A4A73A-D4F5-4D4C-932A-D6C8AEB802BF}.Release|Any CPU.ActiveCfg = Release|Any CPU
		{44A4A73A-D4F5-4D4C-932A-D6C8AEB802BF}.Release|Any CPU.Build.0 = Release|Any CPU
		{F6A8C36C-E318-46C4-8E0C-AD367C962D94}.Debug|Any CPU.ActiveCfg = Debug|Any CPU
		{F6A8C36C-E318-46C4-8E0C-AD367C962D94}.Debug|Any CPU.Build.0 = Debug|Any CPU
		{F6A8C36C-E318-46C4-8E0C-AD367C962D94}.Release|Any CPU.ActiveCfg = Release|Any CPU
		{F6A8C36C-E318-46C4-8E0C-AD367C962D94}.Release|Any CPU.Build.0 = Release|Any CPU
		{0CD2CD7C-8D3E-4BED-BB6D-6A02BA296B65}.Debug|Any CPU.ActiveCfg = Debug|Any CPU
		{0CD2CD7C-8D3E-4BED-BB6D-6A02BA296B65}.Debug|Any CPU.Build.0 = Debug|Any CPU
		{0CD2CD7C-8D3E-4BED-BB6D-6A02BA296B65}.Release|Any CPU.ActiveCfg = Release|Any CPU
		{0CD2CD7C-8D3E-4BED-BB6D-6A02BA296B65}.Release|Any CPU.Build.0 = Release|Any CPU
		{CCA58C1E-1020-4B83-A370-14D375CC81C0}.Debug|Any CPU.ActiveCfg = Debug|Any CPU
		{CCA58C1E-1020-4B83-A370-14D375CC81C0}.Debug|Any CPU.Build.0 = Debug|Any CPU
		{CCA58C1E-1020-4B83-A370-14D375CC81C0}.Release|Any CPU.ActiveCfg = Release|Any CPU
		{CCA58C1E-1020-4B83-A370-14D375CC81C0}.Release|Any CPU.Build.0 = Release|Any CPU
		{DA8A4254-1514-450C-A421-5F011F5F465D}.Debug|Any CPU.ActiveCfg = Debug|Any CPU
		{DA8A4254-1514-450C-A421-5F011F5F465D}.Debug|Any CPU.Build.0 = Debug|Any CPU
		{DA8A4254-1514-450C-A421-5F011F5F465D}.Release|Any CPU.ActiveCfg = Release|Any CPU
		{DA8A4254-1514-450C-A421-5F011F5F465D}.Release|Any CPU.Build.0 = Release|Any CPU
		{7EB6800F-157A-4C6B-BBC2-616EBCC42665}.Debug|Any CPU.ActiveCfg = Debug|Any CPU
		{7EB6800F-157A-4C6B-BBC2-616EBCC42665}.Debug|Any CPU.Build.0 = Debug|Any CPU
		{7EB6800F-157A-4C6B-BBC2-616EBCC42665}.Release|Any CPU.ActiveCfg = Release|Any CPU
		{7EB6800F-157A-4C6B-BBC2-616EBCC42665}.Release|Any CPU.Build.0 = Release|Any CPU
		{2636F063-A3B4-45BE-922E-3B0143B9F0F9}.Debug|Any CPU.ActiveCfg = Debug|Any CPU
		{2636F063-A3B4-45BE-922E-3B0143B9F0F9}.Debug|Any CPU.Build.0 = Debug|Any CPU
		{2636F063-A3B4-45BE-922E-3B0143B9F0F9}.Release|Any CPU.ActiveCfg = Release|Any CPU
		{2636F063-A3B4-45BE-922E-3B0143B9F0F9}.Release|Any CPU.Build.0 = Release|Any CPU
		{05466D9A-CA5C-4F76-A4FF-C046DA687522}.Debug|Any CPU.ActiveCfg = Debug|Any CPU
		{05466D9A-CA5C-4F76-A4FF-C046DA687522}.Debug|Any CPU.Build.0 = Debug|Any CPU
		{05466D9A-CA5C-4F76-A4FF-C046DA687522}.Release|Any CPU.ActiveCfg = Release|Any CPU
		{05466D9A-CA5C-4F76-A4FF-C046DA687522}.Release|Any CPU.Build.0 = Release|Any CPU
	EndGlobalSection
	GlobalSection(SolutionProperties) = preSolution
		HideSolutionNode = FALSE
	EndGlobalSection
	GlobalSection(ExtensibilityGlobals) = postSolution
		SolutionGuid = {F3E3E662-205A-48D1-8F2A-E954DCC03C63}
	EndGlobalSection
EndGlobal
